PODS:
  - Expecta (0.3.1)
  - FBSnapshotTestCase (1.4)
  - XNGMarkdownParser (0.3.0)

DEPENDENCIES:
  - Expecta (~> 0.3.1)
  - FBSnapshotTestCase
  - XNGMarkdownParser (from `..`)

EXTERNAL SOURCES:
  XNGMarkdownParser:
    :path: ..

SPEC CHECKSUMS:
  Expecta: 03aabd0a89d8dea843baecb19a7fd7466a69a31d
  FBSnapshotTestCase: f9f225b5ba11c8d8c09075590490df16314e4d62
  XNGMarkdownParser: 8ad6d21f972f2b2301637d842da2f7942faed5a0

COCOAPODS: 0.36.0
