PODS:
  - Expecta (0.3.2)
  - FBSnapshotTestCase (1.6)
  - XNGMarkdownParser (0.3.1)

DEPENDENCIES:
  - Expecta (~> 0.3.1)
  - FBSnapshotTestCase
  - XNGMarkdownParser (from `..`)

EXTERNAL SOURCES:
  XNGMarkdownParser:
    :path: ..

SPEC CHECKSUMS:
  Expecta: 8c507baf13211207b1e9d0a741480600e6b4ed15
  FBSnapshotTestCase: 9d5fe43b29ae3a0ed8fc829477971b281038f748
  XNGMarkdownParser: 9396475421ed009ccdc929187b7278df0a64fcf1

COCOAPODS: 0.36.0
