PODS:
  - Expecta (0.3.2)
  - FBSnapshotTestCase (1.7)
  - XNGMarkdownParser (0.3.2)

DEPENDENCIES:
  - Expecta (~> 0.3.1)
  - FBSnapshotTestCase
  - XNGMarkdownParser (from `..`)

EXTERNAL SOURCES:
  XNGMarkdownParser:
    :path: ..

SPEC CHECKSUMS:
  Expecta: 8c507baf13211207b1e9d0a741480600e6b4ed15
  FBSnapshotTestCase: 1eea5145c1f2fa907812ab92e1d6063a8d809b4e
  XNGMarkdownParser: aed98c14f0c0eb20064184ddf9bac26c482722b2

COCOAPODS: 0.36.0
