<?xml version="1.0" encoding="UTF-8"?>
<!DOCTYPE plist PUBLIC "-//Apple//DTD PLIST 1.0//EN" "http://www.apple.com/DTDs/PropertyList-1.0.dtd">
<plist version="1.0">
<dict>
	<key>archiveVersion</key>
	<string>1</string>
	<key>classes</key>
	<dict/>
	<key>objectVersion</key>
	<string>46</string>
	<key>objects</key>
	<dict>
		<key>0AEBFF1653AD4F51A789F580</key>
		<dict>
			<key>buildActionMask</key>
			<string>2147483647</string>
			<key>files</key>
			<array/>
			<key>inputPaths</key>
			<array/>
			<key>isa</key>
			<string>PBXShellScriptBuildPhase</string>
			<key>name</key>
			<string>Copy Pods Resources</string>
			<key>outputPaths</key>
			<array/>
			<key>runOnlyForDeploymentPostprocessing</key>
			<string>0</string>
			<key>shellPath</key>
			<string>/bin/sh</string>
			<key>shellScript</key>
			<string>"${SRCROOT}/Pods/Target Support Files/Pods-Example/Pods-Example-resources.sh"
</string>
			<key>showEnvVarsInLog</key>
			<string>0</string>
		</dict>
		<key>27C0E750F18F6C92C71414B2</key>
		<dict>
			<key>includeInIndex</key>
			<string>1</string>
			<key>isa</key>
			<string>PBXFileReference</string>
			<key>lastKnownFileType</key>
			<string>text.xcconfig</string>
			<key>name</key>
			<string>Pods-Example.release.xcconfig</string>
			<key>path</key>
			<string>Pods/Target Support Files/Pods-Example/Pods-Example.release.xcconfig</string>
			<key>sourceTree</key>
			<string>&lt;group&gt;</string>
		</dict>
		<key>28FFE5BE181E41AAB70A236F</key>
		<dict>
			<key>buildActionMask</key>
			<string>2147483647</string>
			<key>files</key>
			<array/>
			<key>inputPaths</key>
			<array/>
			<key>isa</key>
			<string>PBXShellScriptBuildPhase</string>
			<key>name</key>
			<string>Copy Pods Resources</string>
			<key>outputPaths</key>
			<array/>
			<key>runOnlyForDeploymentPostprocessing</key>
			<string>0</string>
			<key>shellPath</key>
			<string>/bin/sh</string>
			<key>shellScript</key>
			<string>"${SRCROOT}/Pods/Target Support Files/Pods-ExampleTests/Pods-ExampleTests-resources.sh"
</string>
			<key>showEnvVarsInLog</key>
			<string>0</string>
		</dict>
		<key>765EFD363DA589D1757EEC47</key>
		<dict>
			<key>includeInIndex</key>
			<string>1</string>
			<key>isa</key>
			<string>PBXFileReference</string>
			<key>lastKnownFileType</key>
			<string>text.xcconfig</string>
			<key>name</key>
			<string>Pods-ExampleTests.debug.xcconfig</string>
			<key>path</key>
			<string>Pods/Target Support Files/Pods-ExampleTests/Pods-ExampleTests.debug.xcconfig</string>
			<key>sourceTree</key>
			<string>&lt;group&gt;</string>
		</dict>
		<key>797C052440024593832F22FC</key>
		<dict>
			<key>fileRef</key>
			<string>8B5B1C6CE7E341319940DCBF</string>
			<key>isa</key>
			<string>PBXBuildFile</string>
		</dict>
		<key>83E044CABAB8FA3CF35857C4</key>
		<dict>
			<key>includeInIndex</key>
			<string>1</string>
			<key>isa</key>
			<string>PBXFileReference</string>
			<key>lastKnownFileType</key>
			<string>text.xcconfig</string>
			<key>name</key>
			<string>Pods-ExampleTests.release.xcconfig</string>
			<key>path</key>
			<string>Pods/Target Support Files/Pods-ExampleTests/Pods-ExampleTests.release.xcconfig</string>
			<key>sourceTree</key>
			<string>&lt;group&gt;</string>
		</dict>
		<key>86EF2C1A81AE4924BE53CEFB</key>
		<dict>
			<key>fileRef</key>
			<string>F373E2C1346E4E0B8B708C6D</string>
			<key>isa</key>
			<string>PBXBuildFile</string>
		</dict>
		<key>8B5B1C6CE7E341319940DCBF</key>
		<dict>
			<key>explicitFileType</key>
			<string>archive.ar</string>
			<key>includeInIndex</key>
			<string>0</string>
			<key>isa</key>
			<string>PBXFileReference</string>
			<key>path</key>
			<string>libPods-ExampleTests.a</string>
			<key>sourceTree</key>
			<string>BUILT_PRODUCTS_DIR</string>
		</dict>
		<key>AF0D5BA7A119A97177CA3803</key>
		<dict>
			<key>includeInIndex</key>
			<string>1</string>
			<key>isa</key>
			<string>PBXFileReference</string>
			<key>lastKnownFileType</key>
			<string>text.xcconfig</string>
			<key>name</key>
			<string>Pods-Example.debug.xcconfig</string>
			<key>path</key>
			<string>Pods/Target Support Files/Pods-Example/Pods-Example.debug.xcconfig</string>
			<key>sourceTree</key>
			<string>&lt;group&gt;</string>
		</dict>
		<key>B7432D06BF3D437EAB0E3B38</key>
		<dict>
			<key>buildActionMask</key>
			<string>2147483647</string>
			<key>files</key>
			<array/>
			<key>inputPaths</key>
			<array/>
			<key>isa</key>
			<string>PBXShellScriptBuildPhase</string>
			<key>name</key>
			<string>Check Pods Manifest.lock</string>
			<key>outputPaths</key>
			<array/>
			<key>runOnlyForDeploymentPostprocessing</key>
			<string>0</string>
			<key>shellPath</key>
			<string>/bin/sh</string>
			<key>shellScript</key>
			<string>diff "${PODS_ROOT}/../Podfile.lock" "${PODS_ROOT}/Manifest.lock" &gt; /dev/null
if [[ $? != 0 ]] ; then
    cat &lt;&lt; EOM
error: The sandbox is not in sync with the Podfile.lock. Run 'pod install' or update your CocoaPods installation.
EOM
    exit 1
fi
</string>
			<key>showEnvVarsInLog</key>
			<string>0</string>
		</dict>
		<key>C0057FA919DAA1DE00347181</key>
		<dict>
			<key>containerPortal</key>
			<string>C0CF275919CB2300005EF111</string>
			<key>isa</key>
			<string>PBXContainerItemProxy</string>
			<key>proxyType</key>
			<string>1</string>
			<key>remoteGlobalIDString</key>
			<string>C0CF276019CB2300005EF111</string>
			<key>remoteInfo</key>
			<string>Example</string>
		</dict>
		<key>C0057FAA19DAA1DE00347181</key>
		<dict>
			<key>isa</key>
			<string>PBXTargetDependency</string>
			<key>target</key>
			<string>C0CF276019CB2300005EF111</string>
			<key>targetProxy</key>
			<string>C0057FA919DAA1DE00347181</string>
		</dict>
		<key>C08F344B19CB24A700520D5A</key>
		<dict>
			<key>fileEncoding</key>
			<string>4</string>
			<key>isa</key>
			<string>PBXFileReference</string>
			<key>lastKnownFileType</key>
			<string>sourcecode.c.h</string>
			<key>path</key>
			<string>XNGMarkdownTestViewController.h</string>
			<key>sourceTree</key>
			<string>&lt;group&gt;</string>
		</dict>
		<key>C08F344C19CB24A700520D5A</key>
		<dict>
			<key>fileEncoding</key>
			<string>4</string>
			<key>isa</key>
			<string>PBXFileReference</string>
			<key>lastKnownFileType</key>
			<string>sourcecode.c.objc</string>
			<key>path</key>
			<string>XNGMarkdownTestViewController.m</string>
			<key>sourceTree</key>
			<string>&lt;group&gt;</string>
		</dict>
		<key>C08F344D19CB24A700520D5A</key>
		<dict>
			<key>fileRef</key>
			<string>C08F344C19CB24A700520D5A</string>
			<key>isa</key>
			<string>PBXBuildFile</string>
		</dict>
		<key>C09F673C19DADE7E009CE501</key>
		<dict>
			<key>fileEncoding</key>
			<string>4</string>
			<key>isa</key>
			<string>PBXFileReference</string>
			<key>lastKnownFileType</key>
			<string>text</string>
			<key>path</key>
			<string>headers.txt</string>
			<key>sourceTree</key>
			<string>&lt;group&gt;</string>
		</dict>
		<key>C09F673E19DADE7E009CE501</key>
		<dict>
			<key>fileRef</key>
			<string>C09F673C19DADE7E009CE501</string>
			<key>isa</key>
			<string>PBXBuildFile</string>
		</dict>
		<key>C09F674219DAE77D009CE501</key>
		<dict>
			<key>fileEncoding</key>
			<string>4</string>
			<key>isa</key>
			<string>PBXFileReference</string>
			<key>lastKnownFileType</key>
			<string>text</string>
			<key>path</key>
			<string>links.txt</string>
			<key>sourceTree</key>
			<string>&lt;group&gt;</string>
		</dict>
		<key>C09F674319DAE77D009CE501</key>
		<dict>
			<key>fileEncoding</key>
			<string>4</string>
			<key>isa</key>
			<string>PBXFileReference</string>
			<key>lastKnownFileType</key>
			<string>text</string>
			<key>path</key>
			<string>text_styles.txt</string>
			<key>sourceTree</key>
			<string>&lt;group&gt;</string>
		</dict>
		<key>C09F674419DAE77D009CE501</key>
		<dict>
			<key>fileRef</key>
			<string>C09F674219DAE77D009CE501</string>
			<key>isa</key>
			<string>PBXBuildFile</string>
		</dict>
		<key>C09F674519DAE77D009CE501</key>
		<dict>
			<key>fileRef</key>
			<string>C09F674319DAE77D009CE501</string>
			<key>isa</key>
			<string>PBXBuildFile</string>
		</dict>
		<key>C09F674619DAE98E009CE501</key>
		<dict>
			<key>fileRef</key>
			<string>C09F673C19DADE7E009CE501</string>
			<key>isa</key>
			<string>PBXBuildFile</string>
		</dict>
		<key>C09F674719DAE98E009CE501</key>
		<dict>
			<key>fileRef</key>
			<string>C09F674219DAE77D009CE501</string>
			<key>isa</key>
			<string>PBXBuildFile</string>
		</dict>
		<key>C09F674819DAE98E009CE501</key>
		<dict>
			<key>fileRef</key>
			<string>C09F674319DAE77D009CE501</string>
			<key>isa</key>
			<string>PBXBuildFile</string>
		</dict>
		<key>C09F674B19DBE3F5009CE501</key>
		<dict>
			<key>fileEncoding</key>
			<string>4</string>
			<key>isa</key>
			<string>PBXFileReference</string>
			<key>lastKnownFileType</key>
			<string>text</string>
			<key>path</key>
			<string>plaintext_utf8.txt</string>
			<key>sourceTree</key>
			<string>&lt;group&gt;</string>
		</dict>
		<key>C09F674D19DBE3F5009CE501</key>
		<dict>
			<key>fileRef</key>
			<string>C09F674B19DBE3F5009CE501</string>
			<key>isa</key>
			<string>PBXBuildFile</string>
		</dict>
		<key>C09F674F19DBE6F9009CE501</key>
		<dict>
			<key>fileEncoding</key>
			<string>4</string>
			<key>isa</key>
			<string>PBXFileReference</string>
			<key>lastKnownFileType</key>
			<string>text</string>
			<key>path</key>
			<string>paragraph_1.txt</string>
			<key>sourceTree</key>
			<string>&lt;group&gt;</string>
		</dict>
		<key>C09F675119DBE6F9009CE501</key>
		<dict>
			<key>fileRef</key>
			<string>C09F674F19DBE6F9009CE501</string>
			<key>isa</key>
			<string>PBXBuildFile</string>
		</dict>
		<key>C09F675319DBE882009CE501</key>
		<dict>
			<key>fileEncoding</key>
			<string>4</string>
			<key>isa</key>
			<string>PBXFileReference</string>
			<key>lastKnownFileType</key>
			<string>text</string>
			<key>path</key>
			<string>all_together_short.txt</string>
			<key>sourceTree</key>
			<string>&lt;group&gt;</string>
		</dict>
		<key>C09F675519DBE882009CE501</key>
		<dict>
			<key>fileRef</key>
			<string>C09F675319DBE882009CE501</string>
			<key>isa</key>
			<string>PBXBuildFile</string>
		</dict>
		<key>C09F675719DBF78D009CE501</key>
		<dict>
			<key>fileRef</key>
			<string>C09F674B19DBE3F5009CE501</string>
			<key>isa</key>
			<string>PBXBuildFile</string>
		</dict>
		<key>C09F675819DBF78D009CE501</key>
		<dict>
			<key>fileRef</key>
			<string>C09F674F19DBE6F9009CE501</string>
			<key>isa</key>
			<string>PBXBuildFile</string>
		</dict>
		<key>C09F675919DBF78D009CE501</key>
		<dict>
			<key>fileRef</key>
			<string>C09F675319DBE882009CE501</string>
			<key>isa</key>
			<string>PBXBuildFile</string>
		</dict>
		<key>C0CF275819CB2300005EF111</key>
		<dict>
			<key>children</key>
			<array>
				<string>C0CF276A19CB2300005EF111</string>
				<string>C0CF278319CB2300005EF111</string>
				<string>C0CF276319CB2300005EF111</string>
				<string>C0CF276219CB2300005EF111</string>
				<string>F8BCBE3F87B41B303AB4CE21</string>
			</array>
			<key>isa</key>
			<string>PBXGroup</string>
			<key>sourceTree</key>
			<string>&lt;group&gt;</string>
		</dict>
		<key>C0CF275919CB2300005EF111</key>
		<dict>
			<key>attributes</key>
			<dict>
				<key>CLASSPREFIX</key>
				<string>XNG</string>
				<key>LastUpgradeCheck</key>
				<string>0510</string>
				<key>ORGANIZATIONNAME</key>
				<string>XING</string>
				<key>TargetAttributes</key>
				<dict>
					<key>C0CF277B19CB2300005EF111</key>
					<dict>
						<key>TestTargetID</key>
						<string>C0CF276019CB2300005EF111</string>
					</dict>
				</dict>
			</dict>
			<key>buildConfigurationList</key>
			<string>C0CF275C19CB2300005EF111</string>
			<key>compatibilityVersion</key>
			<string>Xcode 3.2</string>
			<key>developmentRegion</key>
			<string>English</string>
			<key>hasScannedForEncodings</key>
			<string>0</string>
			<key>isa</key>
			<string>PBXProject</string>
			<key>knownRegions</key>
			<array>
				<string>en</string>
			</array>
			<key>mainGroup</key>
			<string>C0CF275819CB2300005EF111</string>
			<key>productRefGroup</key>
			<string>C0CF276219CB2300005EF111</string>
			<key>projectDirPath</key>
			<string></string>
			<key>projectReferences</key>
			<array/>
			<key>projectRoot</key>
			<string></string>
			<key>targets</key>
			<array>
				<string>C0CF276019CB2300005EF111</string>
				<string>C0CF277B19CB2300005EF111</string>
			</array>
		</dict>
		<key>C0CF275C19CB2300005EF111</key>
		<dict>
			<key>buildConfigurations</key>
			<array>
				<string>C0CF278B19CB2300005EF111</string>
				<string>C0CF278C19CB2300005EF111</string>
			</array>
			<key>defaultConfigurationIsVisible</key>
			<string>0</string>
			<key>defaultConfigurationName</key>
			<string>Release</string>
			<key>isa</key>
			<string>XCConfigurationList</string>
		</dict>
		<key>C0CF275D19CB2300005EF111</key>
		<dict>
			<key>buildActionMask</key>
			<string>2147483647</string>
			<key>files</key>
			<array>
				<string>C0CF277519CB2300005EF111</string>
				<string>C08F344D19CB24A700520D5A</string>
				<string>C0CF277119CB2300005EF111</string>
			</array>
			<key>isa</key>
			<string>PBXSourcesBuildPhase</string>
			<key>runOnlyForDeploymentPostprocessing</key>
			<string>0</string>
		</dict>
		<key>C0CF275E19CB2300005EF111</key>
		<dict>
			<key>buildActionMask</key>
			<string>2147483647</string>
			<key>files</key>
			<array>
				<string>C0CF276719CB2300005EF111</string>
				<string>C0CF276919CB2300005EF111</string>
				<string>C0CF276519CB2300005EF111</string>
				<string>86EF2C1A81AE4924BE53CEFB</string>
			</array>
			<key>isa</key>
			<string>PBXFrameworksBuildPhase</string>
			<key>runOnlyForDeploymentPostprocessing</key>
			<string>0</string>
		</dict>
		<key>C0CF275F19CB2300005EF111</key>
		<dict>
			<key>buildActionMask</key>
			<string>2147483647</string>
			<key>files</key>
			<array>
				<string>C09F674719DAE98E009CE501</string>
				<string>C09F675719DBF78D009CE501</string>
				<string>C0CF276F19CB2300005EF111</string>
				<string>C0CF277719CB2300005EF111</string>
				<string>C09F674819DAE98E009CE501</string>
				<string>C09F675919DBF78D009CE501</string>
				<string>C09F674619DAE98E009CE501</string>
				<string>C09F675819DBF78D009CE501</string>
			</array>
			<key>isa</key>
			<string>PBXResourcesBuildPhase</string>
			<key>runOnlyForDeploymentPostprocessing</key>
			<string>0</string>
		</dict>
		<key>C0CF276019CB2300005EF111</key>
		<dict>
			<key>buildConfigurationList</key>
			<string>C0CF278D19CB2300005EF111</string>
			<key>buildPhases</key>
			<array>
				<string>C830C666F2B54E4FA4F90CD6</string>
				<string>C0CF275D19CB2300005EF111</string>
				<string>C0CF275E19CB2300005EF111</string>
				<string>C0CF275F19CB2300005EF111</string>
				<string>0AEBFF1653AD4F51A789F580</string>
			</array>
			<key>buildRules</key>
			<array/>
			<key>dependencies</key>
			<array/>
			<key>isa</key>
			<string>PBXNativeTarget</string>
			<key>name</key>
			<string>Example</string>
			<key>productName</key>
			<string>Example</string>
			<key>productReference</key>
			<string>C0CF276119CB2300005EF111</string>
			<key>productType</key>
			<string>com.apple.product-type.application</string>
		</dict>
		<key>C0CF276119CB2300005EF111</key>
		<dict>
			<key>explicitFileType</key>
			<string>wrapper.application</string>
			<key>includeInIndex</key>
			<string>0</string>
			<key>isa</key>
			<string>PBXFileReference</string>
			<key>path</key>
			<string>Example.app</string>
			<key>sourceTree</key>
			<string>BUILT_PRODUCTS_DIR</string>
		</dict>
		<key>C0CF276219CB2300005EF111</key>
		<dict>
			<key>children</key>
			<array>
				<string>C0CF276119CB2300005EF111</string>
				<string>C0CF277C19CB2300005EF111</string>
			</array>
			<key>isa</key>
			<string>PBXGroup</string>
			<key>name</key>
			<string>Products</string>
			<key>sourceTree</key>
			<string>&lt;group&gt;</string>
		</dict>
		<key>C0CF276319CB2300005EF111</key>
		<dict>
			<key>children</key>
			<array>
				<string>C0CF276419CB2300005EF111</string>
				<string>C0CF276619CB2300005EF111</string>
				<string>C0CF276819CB2300005EF111</string>
				<string>C0CF277D19CB2300005EF111</string>
				<string>F373E2C1346E4E0B8B708C6D</string>
				<string>8B5B1C6CE7E341319940DCBF</string>
			</array>
			<key>isa</key>
			<string>PBXGroup</string>
			<key>name</key>
			<string>Frameworks</string>
			<key>sourceTree</key>
			<string>&lt;group&gt;</string>
		</dict>
		<key>C0CF276419CB2300005EF111</key>
		<dict>
			<key>isa</key>
			<string>PBXFileReference</string>
			<key>lastKnownFileType</key>
			<string>wrapper.framework</string>
			<key>name</key>
			<string>Foundation.framework</string>
			<key>path</key>
			<string>System/Library/Frameworks/Foundation.framework</string>
			<key>sourceTree</key>
			<string>SDKROOT</string>
		</dict>
		<key>C0CF276519CB2300005EF111</key>
		<dict>
			<key>fileRef</key>
			<string>C0CF276419CB2300005EF111</string>
			<key>isa</key>
			<string>PBXBuildFile</string>
		</dict>
		<key>C0CF276619CB2300005EF111</key>
		<dict>
			<key>isa</key>
			<string>PBXFileReference</string>
			<key>lastKnownFileType</key>
			<string>wrapper.framework</string>
			<key>name</key>
			<string>CoreGraphics.framework</string>
			<key>path</key>
			<string>System/Library/Frameworks/CoreGraphics.framework</string>
			<key>sourceTree</key>
			<string>SDKROOT</string>
		</dict>
		<key>C0CF276719CB2300005EF111</key>
		<dict>
			<key>fileRef</key>
			<string>C0CF276619CB2300005EF111</string>
			<key>isa</key>
			<string>PBXBuildFile</string>
		</dict>
		<key>C0CF276819CB2300005EF111</key>
		<dict>
			<key>isa</key>
			<string>PBXFileReference</string>
			<key>lastKnownFileType</key>
			<string>wrapper.framework</string>
			<key>name</key>
			<string>UIKit.framework</string>
			<key>path</key>
			<string>System/Library/Frameworks/UIKit.framework</string>
			<key>sourceTree</key>
			<string>SDKROOT</string>
		</dict>
		<key>C0CF276919CB2300005EF111</key>
		<dict>
			<key>fileRef</key>
			<string>C0CF276819CB2300005EF111</string>
			<key>isa</key>
			<string>PBXBuildFile</string>
		</dict>
		<key>C0CF276A19CB2300005EF111</key>
		<dict>
			<key>children</key>
			<array>
				<string>C0CF277319CB2300005EF111</string>
				<string>C0CF277419CB2300005EF111</string>
				<string>C08F344B19CB24A700520D5A</string>
				<string>C08F344C19CB24A700520D5A</string>
				<string>C0CF277619CB2300005EF111</string>
				<string>C0CF276B19CB2300005EF111</string>
			</array>
			<key>isa</key>
			<string>PBXGroup</string>
			<key>path</key>
			<string>Example</string>
			<key>sourceTree</key>
			<string>&lt;group&gt;</string>
		</dict>
		<key>C0CF276B19CB2300005EF111</key>
		<dict>
			<key>children</key>
			<array>
				<string>C0CF276C19CB2300005EF111</string>
				<string>C0CF276D19CB2300005EF111</string>
				<string>C0CF277019CB2300005EF111</string>
				<string>C0CF277219CB2300005EF111</string>
			</array>
			<key>isa</key>
			<string>PBXGroup</string>
			<key>name</key>
			<string>Supporting Files</string>
			<key>sourceTree</key>
			<string>&lt;group&gt;</string>
		</dict>
		<key>C0CF276C19CB2300005EF111</key>
		<dict>
			<key>isa</key>
			<string>PBXFileReference</string>
			<key>lastKnownFileType</key>
			<string>text.plist.xml</string>
			<key>path</key>
			<string>Example-Info.plist</string>
			<key>sourceTree</key>
			<string>&lt;group&gt;</string>
		</dict>
		<key>C0CF276D19CB2300005EF111</key>
		<dict>
			<key>children</key>
			<array>
				<string>C0CF276E19CB2300005EF111</string>
			</array>
			<key>isa</key>
			<string>PBXVariantGroup</string>
			<key>name</key>
			<string>InfoPlist.strings</string>
			<key>sourceTree</key>
			<string>&lt;group&gt;</string>
		</dict>
		<key>C0CF276E19CB2300005EF111</key>
		<dict>
			<key>isa</key>
			<string>PBXFileReference</string>
			<key>lastKnownFileType</key>
			<string>text.plist.strings</string>
			<key>name</key>
			<string>en</string>
			<key>path</key>
			<string>en.lproj/InfoPlist.strings</string>
			<key>sourceTree</key>
			<string>&lt;group&gt;</string>
		</dict>
		<key>C0CF276F19CB2300005EF111</key>
		<dict>
			<key>fileRef</key>
			<string>C0CF276D19CB2300005EF111</string>
			<key>isa</key>
			<string>PBXBuildFile</string>
		</dict>
		<key>C0CF277019CB2300005EF111</key>
		<dict>
			<key>isa</key>
			<string>PBXFileReference</string>
			<key>lastKnownFileType</key>
			<string>sourcecode.c.objc</string>
			<key>path</key>
			<string>main.m</string>
			<key>sourceTree</key>
			<string>&lt;group&gt;</string>
		</dict>
		<key>C0CF277119CB2300005EF111</key>
		<dict>
			<key>fileRef</key>
			<string>C0CF277019CB2300005EF111</string>
			<key>isa</key>
			<string>PBXBuildFile</string>
		</dict>
		<key>C0CF277219CB2300005EF111</key>
		<dict>
			<key>isa</key>
			<string>PBXFileReference</string>
			<key>lastKnownFileType</key>
			<string>sourcecode.c.h</string>
			<key>path</key>
			<string>Example-Prefix.pch</string>
			<key>sourceTree</key>
			<string>&lt;group&gt;</string>
		</dict>
		<key>C0CF277319CB2300005EF111</key>
		<dict>
			<key>isa</key>
			<string>PBXFileReference</string>
			<key>lastKnownFileType</key>
			<string>sourcecode.c.h</string>
			<key>path</key>
			<string>XNGAppDelegate.h</string>
			<key>sourceTree</key>
			<string>&lt;group&gt;</string>
		</dict>
		<key>C0CF277419CB2300005EF111</key>
		<dict>
			<key>isa</key>
			<string>PBXFileReference</string>
			<key>lastKnownFileType</key>
			<string>sourcecode.c.objc</string>
			<key>path</key>
			<string>XNGAppDelegate.m</string>
			<key>sourceTree</key>
			<string>&lt;group&gt;</string>
		</dict>
		<key>C0CF277519CB2300005EF111</key>
		<dict>
			<key>fileRef</key>
			<string>C0CF277419CB2300005EF111</string>
			<key>isa</key>
			<string>PBXBuildFile</string>
		</dict>
		<key>C0CF277619CB2300005EF111</key>
		<dict>
			<key>isa</key>
			<string>PBXFileReference</string>
			<key>lastKnownFileType</key>
			<string>folder.assetcatalog</string>
			<key>path</key>
			<string>Images.xcassets</string>
			<key>sourceTree</key>
			<string>&lt;group&gt;</string>
		</dict>
		<key>C0CF277719CB2300005EF111</key>
		<dict>
			<key>fileRef</key>
			<string>C0CF277619CB2300005EF111</string>
			<key>isa</key>
			<string>PBXBuildFile</string>
		</dict>
		<key>C0CF277819CB2300005EF111</key>
		<dict>
			<key>buildActionMask</key>
			<string>2147483647</string>
			<key>files</key>
			<array>
				<string>C0CF278A19CB2300005EF111</string>
			</array>
			<key>isa</key>
			<string>PBXSourcesBuildPhase</string>
			<key>runOnlyForDeploymentPostprocessing</key>
			<string>0</string>
		</dict>
		<key>C0CF277919CB2300005EF111</key>
		<dict>
			<key>buildActionMask</key>
			<string>2147483647</string>
			<key>files</key>
			<array>
				<string>C0CF277E19CB2300005EF111</string>
				<string>C0CF278019CB2300005EF111</string>
				<string>C0CF277F19CB2300005EF111</string>
				<string>797C052440024593832F22FC</string>
			</array>
			<key>isa</key>
			<string>PBXFrameworksBuildPhase</string>
			<key>runOnlyForDeploymentPostprocessing</key>
			<string>0</string>
		</dict>
		<key>C0CF277A19CB2300005EF111</key>
		<dict>
			<key>buildActionMask</key>
			<string>2147483647</string>
			<key>files</key>
			<array>
				<string>C09F675519DBE882009CE501</string>
				<string>C0CF278819CB2300005EF111</string>
				<string>C09F674D19DBE3F5009CE501</string>
				<string>C09F674519DAE77D009CE501</string>
				<string>C09F675119DBE6F9009CE501</string>
				<string>C09F673E19DADE7E009CE501</string>
				<string>C09F674419DAE77D009CE501</string>
			</array>
			<key>isa</key>
			<string>PBXResourcesBuildPhase</string>
			<key>runOnlyForDeploymentPostprocessing</key>
			<string>0</string>
		</dict>
		<key>C0CF277B19CB2300005EF111</key>
		<dict>
			<key>buildConfigurationList</key>
			<string>C0CF279019CB2300005EF111</string>
			<key>buildPhases</key>
			<array>
				<string>B7432D06BF3D437EAB0E3B38</string>
				<string>C0CF277819CB2300005EF111</string>
				<string>C0CF277919CB2300005EF111</string>
				<string>C0CF277A19CB2300005EF111</string>
				<string>28FFE5BE181E41AAB70A236F</string>
			</array>
			<key>buildRules</key>
			<array/>
			<key>dependencies</key>
			<array>
				<string>C0057FAA19DAA1DE00347181</string>
			</array>
			<key>isa</key>
			<string>PBXNativeTarget</string>
			<key>name</key>
			<string>ExampleTests</string>
			<key>productName</key>
			<string>ExampleTests</string>
			<key>productReference</key>
			<string>C0CF277C19CB2300005EF111</string>
			<key>productType</key>
			<string>com.apple.product-type.bundle.unit-test</string>
		</dict>
		<key>C0CF277C19CB2300005EF111</key>
		<dict>
			<key>explicitFileType</key>
			<string>wrapper.cfbundle</string>
			<key>includeInIndex</key>
			<string>0</string>
			<key>isa</key>
			<string>PBXFileReference</string>
			<key>path</key>
			<string>ExampleTests.xctest</string>
			<key>sourceTree</key>
			<string>BUILT_PRODUCTS_DIR</string>
		</dict>
		<key>C0CF277D19CB2300005EF111</key>
		<dict>
			<key>isa</key>
			<string>PBXFileReference</string>
			<key>lastKnownFileType</key>
			<string>wrapper.framework</string>
			<key>name</key>
			<string>XCTest.framework</string>
			<key>path</key>
			<string>Library/Frameworks/XCTest.framework</string>
			<key>sourceTree</key>
			<string>DEVELOPER_DIR</string>
		</dict>
		<key>C0CF277E19CB2300005EF111</key>
		<dict>
			<key>fileRef</key>
			<string>C0CF277D19CB2300005EF111</string>
			<key>isa</key>
			<string>PBXBuildFile</string>
		</dict>
		<key>C0CF277F19CB2300005EF111</key>
		<dict>
			<key>fileRef</key>
			<string>C0CF276419CB2300005EF111</string>
			<key>isa</key>
			<string>PBXBuildFile</string>
		</dict>
		<key>C0CF278019CB2300005EF111</key>
		<dict>
			<key>fileRef</key>
			<string>C0CF276819CB2300005EF111</string>
			<key>isa</key>
			<string>PBXBuildFile</string>
		</dict>
		<key>C0CF278319CB2300005EF111</key>
		<dict>
			<key>children</key>
			<array>
				<string>DA0DBA5919DAAE860045E317</string>
				<string>C0CF278919CB2300005EF111</string>
				<string>C0CF278419CB2300005EF111</string>
			</array>
			<key>isa</key>
			<string>PBXGroup</string>
			<key>path</key>
			<string>ExampleTests</string>
			<key>sourceTree</key>
			<string>&lt;group&gt;</string>
		</dict>
		<key>C0CF278419CB2300005EF111</key>
		<dict>
			<key>children</key>
			<array>
				<string>C0CF278519CB2300005EF111</string>
				<string>C0CF278619CB2300005EF111</string>
			</array>
			<key>isa</key>
			<string>PBXGroup</string>
			<key>name</key>
			<string>Supporting Files</string>
			<key>sourceTree</key>
			<string>&lt;group&gt;</string>
		</dict>
		<key>C0CF278519CB2300005EF111</key>
		<dict>
			<key>isa</key>
			<string>PBXFileReference</string>
			<key>lastKnownFileType</key>
			<string>text.plist.xml</string>
			<key>path</key>
			<string>ExampleTests-Info.plist</string>
			<key>sourceTree</key>
			<string>&lt;group&gt;</string>
		</dict>
		<key>C0CF278619CB2300005EF111</key>
		<dict>
			<key>children</key>
			<array>
				<string>C0CF278719CB2300005EF111</string>
			</array>
			<key>isa</key>
			<string>PBXVariantGroup</string>
			<key>name</key>
			<string>InfoPlist.strings</string>
			<key>sourceTree</key>
			<string>&lt;group&gt;</string>
		</dict>
		<key>C0CF278719CB2300005EF111</key>
		<dict>
			<key>isa</key>
			<string>PBXFileReference</string>
			<key>lastKnownFileType</key>
			<string>text.plist.strings</string>
			<key>name</key>
			<string>en</string>
			<key>path</key>
			<string>en.lproj/InfoPlist.strings</string>
			<key>sourceTree</key>
			<string>&lt;group&gt;</string>
		</dict>
		<key>C0CF278819CB2300005EF111</key>
		<dict>
			<key>fileRef</key>
			<string>C0CF278619CB2300005EF111</string>
			<key>isa</key>
			<string>PBXBuildFile</string>
		</dict>
		<key>C0CF278919CB2300005EF111</key>
		<dict>
			<key>isa</key>
			<string>PBXFileReference</string>
			<key>lastKnownFileType</key>
			<string>sourcecode.c.objc</string>
			<key>path</key>
			<string>SnapshotTests.m</string>
			<key>sourceTree</key>
			<string>&lt;group&gt;</string>
		</dict>
		<key>C0CF278A19CB2300005EF111</key>
		<dict>
			<key>fileRef</key>
			<string>C0CF278919CB2300005EF111</string>
			<key>isa</key>
			<string>PBXBuildFile</string>
		</dict>
		<key>C0CF278B19CB2300005EF111</key>
		<dict>
			<key>buildSettings</key>
			<dict>
				<key>ALWAYS_SEARCH_USER_PATHS</key>
				<string>NO</string>
				<key>CLANG_CXX_LANGUAGE_STANDARD</key>
				<string>gnu++0x</string>
				<key>CLANG_CXX_LIBRARY</key>
				<string>libc++</string>
				<key>CLANG_ENABLE_MODULES</key>
				<string>YES</string>
				<key>CLANG_ENABLE_OBJC_ARC</key>
				<string>YES</string>
				<key>CLANG_WARN_BOOL_CONVERSION</key>
				<string>YES</string>
				<key>CLANG_WARN_CONSTANT_CONVERSION</key>
				<string>YES</string>
				<key>CLANG_WARN_DIRECT_OBJC_ISA_USAGE</key>
				<string>YES_ERROR</string>
				<key>CLANG_WARN_EMPTY_BODY</key>
				<string>YES</string>
				<key>CLANG_WARN_ENUM_CONVERSION</key>
				<string>YES</string>
				<key>CLANG_WARN_INT_CONVERSION</key>
				<string>YES</string>
				<key>CLANG_WARN_OBJC_ROOT_CLASS</key>
				<string>YES_ERROR</string>
				<key>CLANG_WARN__DUPLICATE_METHOD_MATCH</key>
				<string>YES</string>
				<key>CODE_SIGN_IDENTITY[sdk=iphoneos*]</key>
				<string>iPhone Developer</string>
				<key>COPY_PHASE_STRIP</key>
				<string>NO</string>
				<key>GCC_C_LANGUAGE_STANDARD</key>
				<string>gnu99</string>
				<key>GCC_DYNAMIC_NO_PIC</key>
				<string>NO</string>
				<key>GCC_GENERATE_TEST_COVERAGE_FILES</key>
				<string>YES</string>
				<key>GCC_INSTRUMENT_PROGRAM_FLOW_ARCS</key>
				<string>YES</string>
				<key>GCC_OPTIMIZATION_LEVEL</key>
				<string>0</string>
				<key>GCC_PREPROCESSOR_DEFINITIONS</key>
				<array>
					<string>DEBUG=1</string>
					<string>$(inherited)</string>
				</array>
				<key>GCC_SYMBOLS_PRIVATE_EXTERN</key>
				<string>NO</string>
				<key>GCC_WARN_64_TO_32_BIT_CONVERSION</key>
				<string>YES</string>
				<key>GCC_WARN_ABOUT_RETURN_TYPE</key>
				<string>YES_ERROR</string>
				<key>GCC_WARN_UNDECLARED_SELECTOR</key>
				<string>YES</string>
				<key>GCC_WARN_UNINITIALIZED_AUTOS</key>
				<string>YES_AGGRESSIVE</string>
				<key>GCC_WARN_UNUSED_FUNCTION</key>
				<string>YES</string>
				<key>GCC_WARN_UNUSED_VARIABLE</key>
				<string>YES</string>
				<key>IPHONEOS_DEPLOYMENT_TARGET</key>
				<string>7.1</string>
				<key>ONLY_ACTIVE_ARCH</key>
				<string>YES</string>
				<key>SDKROOT</key>
				<string>iphoneos</string>
			</dict>
			<key>isa</key>
			<string>XCBuildConfiguration</string>
			<key>name</key>
			<string>Debug</string>
		</dict>
		<key>C0CF278C19CB2300005EF111</key>
		<dict>
			<key>buildSettings</key>
			<dict>
				<key>ALWAYS_SEARCH_USER_PATHS</key>
				<string>NO</string>
				<key>CLANG_CXX_LANGUAGE_STANDARD</key>
				<string>gnu++0x</string>
				<key>CLANG_CXX_LIBRARY</key>
				<string>libc++</string>
				<key>CLANG_ENABLE_MODULES</key>
				<string>YES</string>
				<key>CLANG_ENABLE_OBJC_ARC</key>
				<string>YES</string>
				<key>CLANG_WARN_BOOL_CONVERSION</key>
				<string>YES</string>
				<key>CLANG_WARN_CONSTANT_CONVERSION</key>
				<string>YES</string>
				<key>CLANG_WARN_DIRECT_OBJC_ISA_USAGE</key>
				<string>YES_ERROR</string>
				<key>CLANG_WARN_EMPTY_BODY</key>
				<string>YES</string>
				<key>CLANG_WARN_ENUM_CONVERSION</key>
				<string>YES</string>
				<key>CLANG_WARN_INT_CONVERSION</key>
				<string>YES</string>
				<key>CLANG_WARN_OBJC_ROOT_CLASS</key>
				<string>YES_ERROR</string>
				<key>CLANG_WARN__DUPLICATE_METHOD_MATCH</key>
				<string>YES</string>
				<key>CODE_SIGN_IDENTITY[sdk=iphoneos*]</key>
				<string>iPhone Developer</string>
				<key>COPY_PHASE_STRIP</key>
				<string>YES</string>
				<key>ENABLE_NS_ASSERTIONS</key>
				<string>NO</string>
				<key>GCC_C_LANGUAGE_STANDARD</key>
				<string>gnu99</string>
				<key>GCC_GENERATE_TEST_COVERAGE_FILES</key>
				<string>YES</string>
				<key>GCC_INSTRUMENT_PROGRAM_FLOW_ARCS</key>
				<string>YES</string>
				<key>GCC_WARN_64_TO_32_BIT_CONVERSION</key>
				<string>YES</string>
				<key>GCC_WARN_ABOUT_RETURN_TYPE</key>
				<string>YES_ERROR</string>
				<key>GCC_WARN_UNDECLARED_SELECTOR</key>
				<string>YES</string>
				<key>GCC_WARN_UNINITIALIZED_AUTOS</key>
				<string>YES_AGGRESSIVE</string>
				<key>GCC_WARN_UNUSED_FUNCTION</key>
				<string>YES</string>
				<key>GCC_WARN_UNUSED_VARIABLE</key>
				<string>YES</string>
				<key>IPHONEOS_DEPLOYMENT_TARGET</key>
				<string>7.1</string>
				<key>SDKROOT</key>
				<string>iphoneos</string>
				<key>VALIDATE_PRODUCT</key>
				<string>YES</string>
			</dict>
			<key>isa</key>
			<string>XCBuildConfiguration</string>
			<key>name</key>
			<string>Release</string>
		</dict>
		<key>C0CF278D19CB2300005EF111</key>
		<dict>
			<key>buildConfigurations</key>
			<array>
				<string>C0CF278E19CB2300005EF111</string>
				<string>C0CF278F19CB2300005EF111</string>
			</array>
			<key>defaultConfigurationIsVisible</key>
			<string>0</string>
			<key>defaultConfigurationName</key>
			<string>Release</string>
			<key>isa</key>
			<string>XCConfigurationList</string>
		</dict>
		<key>C0CF278E19CB2300005EF111</key>
		<dict>
			<key>baseConfigurationReference</key>
			<string>AF0D5BA7A119A97177CA3803</string>
			<key>buildSettings</key>
			<dict>
				<key>ASSETCATALOG_COMPILER_APPICON_NAME</key>
				<string>AppIcon</string>
				<key>ASSETCATALOG_COMPILER_LAUNCHIMAGE_NAME</key>
				<string>LaunchImage</string>
				<key>GCC_PRECOMPILE_PREFIX_HEADER</key>
				<string>YES</string>
				<key>GCC_PREFIX_HEADER</key>
				<string>Example/Example-Prefix.pch</string>
				<key>INFOPLIST_FILE</key>
				<string>Example/Example-Info.plist</string>
				<key>IPHONEOS_DEPLOYMENT_TARGET</key>
				<string>7.1</string>
				<key>PRODUCT_NAME</key>
				<string>$(TARGET_NAME)</string>
				<key>WRAPPER_EXTENSION</key>
				<string>app</string>
			</dict>
			<key>isa</key>
			<string>XCBuildConfiguration</string>
			<key>name</key>
			<string>Debug</string>
		</dict>
		<key>C0CF278F19CB2300005EF111</key>
		<dict>
			<key>baseConfigurationReference</key>
			<string>27C0E750F18F6C92C71414B2</string>
			<key>buildSettings</key>
			<dict>
				<key>ASSETCATALOG_COMPILER_APPICON_NAME</key>
				<string>AppIcon</string>
				<key>ASSETCATALOG_COMPILER_LAUNCHIMAGE_NAME</key>
				<string>LaunchImage</string>
				<key>GCC_PRECOMPILE_PREFIX_HEADER</key>
				<string>YES</string>
				<key>GCC_PREFIX_HEADER</key>
				<string>Example/Example-Prefix.pch</string>
				<key>INFOPLIST_FILE</key>
				<string>Example/Example-Info.plist</string>
				<key>IPHONEOS_DEPLOYMENT_TARGET</key>
				<string>7.1</string>
				<key>PRODUCT_NAME</key>
				<string>$(TARGET_NAME)</string>
				<key>WRAPPER_EXTENSION</key>
				<string>app</string>
			</dict>
			<key>isa</key>
			<string>XCBuildConfiguration</string>
			<key>name</key>
			<string>Release</string>
		</dict>
		<key>C0CF279019CB2300005EF111</key>
		<dict>
			<key>buildConfigurations</key>
			<array>
				<string>C0CF279119CB2300005EF111</string>
				<string>C0CF279219CB2300005EF111</string>
			</array>
			<key>defaultConfigurationIsVisible</key>
			<string>0</string>
			<key>defaultConfigurationName</key>
			<string>Release</string>
			<key>isa</key>
			<string>XCConfigurationList</string>
		</dict>
		<key>C0CF279119CB2300005EF111</key>
		<dict>
			<key>baseConfigurationReference</key>
			<string>765EFD363DA589D1757EEC47</string>
			<key>buildSettings</key>
			<dict>
				<key>BUNDLE_LOADER</key>
				<string>$(TEST_HOST)</string>
				<key>FRAMEWORK_SEARCH_PATHS</key>
				<array>
					<string>$(SDKROOT)/Developer/Library/Frameworks</string>
					<string>$(inherited)</string>
					<string>$(DEVELOPER_FRAMEWORKS_DIR)</string>
				</array>
				<key>GCC_PRECOMPILE_PREFIX_HEADER</key>
				<string>YES</string>
				<key>GCC_PREFIX_HEADER</key>
				<string>Example/Example-Prefix.pch</string>
				<key>GCC_PREPROCESSOR_DEFINITIONS</key>
				<array>
					<string>DEBUG=1</string>
					<string>$(inherited)</string>
					<string>FB_REFERENCE_IMAGE_DIR="\"$(SOURCE_ROOT)/ExampleTests/ReferenceImages\""</string>
				</array>
				<key>INFOPLIST_FILE</key>
				<string>ExampleTests/ExampleTests-Info.plist</string>
				<key>PRODUCT_NAME</key>
				<string>$(TARGET_NAME)</string>
				<key>TEST_HOST</key>
				<string>$(BUILT_PRODUCTS_DIR)/Example.app/Example</string>
				<key>WRAPPER_EXTENSION</key>
				<string>xctest</string>
			</dict>
			<key>isa</key>
			<string>XCBuildConfiguration</string>
			<key>name</key>
			<string>Debug</string>
		</dict>
		<key>C0CF279219CB2300005EF111</key>
		<dict>
			<key>baseConfigurationReference</key>
			<string>83E044CABAB8FA3CF35857C4</string>
			<key>buildSettings</key>
			<dict>
				<key>BUNDLE_LOADER</key>
				<string>$(TEST_HOST)</string>
				<key>FRAMEWORK_SEARCH_PATHS</key>
				<array>
					<string>$(SDKROOT)/Developer/Library/Frameworks</string>
					<string>$(inherited)</string>
					<string>$(DEVELOPER_FRAMEWORKS_DIR)</string>
				</array>
				<key>GCC_PRECOMPILE_PREFIX_HEADER</key>
				<string>YES</string>
				<key>GCC_PREFIX_HEADER</key>
				<string>Example/Example-Prefix.pch</string>
				<key>GCC_PREPROCESSOR_DEFINITIONS</key>
				<array>
					<string>$(inherited)</string>
					<string>COCOAPODS=1</string>
					<string>FB_REFERENCE_IMAGE_DIR="\"$(SOURCE_ROOT)/ExampleTests/Unit/ReferenceImages\""</string>
				</array>
				<key>INFOPLIST_FILE</key>
				<string>ExampleTests/ExampleTests-Info.plist</string>
				<key>PRODUCT_NAME</key>
				<string>$(TARGET_NAME)</string>
				<key>TEST_HOST</key>
				<string>$(BUILT_PRODUCTS_DIR)/Example.app/Example</string>
				<key>WRAPPER_EXTENSION</key>
				<string>xctest</string>
			</dict>
			<key>isa</key>
			<string>XCBuildConfiguration</string>
			<key>name</key>
			<string>Release</string>
		</dict>
		<key>C830C666F2B54E4FA4F90CD6</key>
		<dict>
			<key>buildActionMask</key>
			<string>2147483647</string>
			<key>files</key>
			<array/>
			<key>inputPaths</key>
			<array/>
			<key>isa</key>
			<string>PBXShellScriptBuildPhase</string>
			<key>name</key>
			<string>Check Pods Manifest.lock</string>
			<key>outputPaths</key>
			<array/>
			<key>runOnlyForDeploymentPostprocessing</key>
			<string>0</string>
			<key>shellPath</key>
			<string>/bin/sh</string>
			<key>shellScript</key>
			<string>diff "${PODS_ROOT}/../Podfile.lock" "${PODS_ROOT}/Manifest.lock" &gt; /dev/null
if [[ $? != 0 ]] ; then
    cat &lt;&lt; EOM
error: The sandbox is not in sync with the Podfile.lock. Run 'pod install' or update your CocoaPods installation.
EOM
    exit 1
fi
</string>
			<key>showEnvVarsInLog</key>
			<string>0</string>
		</dict>
		<key>DA0DBA5919DAAE860045E317</key>
		<dict>
			<key>children</key>
			<array>
				<string>C09F673C19DADE7E009CE501</string>
				<string>C09F674219DAE77D009CE501</string>
				<string>C09F674319DAE77D009CE501</string>
				<string>C09F674B19DBE3F5009CE501</string>
				<string>C09F674F19DBE6F9009CE501</string>
				<string>C09F675319DBE882009CE501</string>
			</array>
			<key>isa</key>
			<string>PBXGroup</string>
			<key>path</key>
			<string>Fixtures</string>
			<key>sourceTree</key>
			<string>&lt;group&gt;</string>
		</dict>
		<key>F373E2C1346E4E0B8B708C6D</key>
		<dict>
			<key>explicitFileType</key>
			<string>archive.ar</string>
			<key>includeInIndex</key>
			<string>0</string>
			<key>isa</key>
			<string>PBXFileReference</string>
			<key>path</key>
			<string>libPods-Example.a</string>
			<key>sourceTree</key>
			<string>BUILT_PRODUCTS_DIR</string>
		</dict>
		<key>F8BCBE3F87B41B303AB4CE21</key>
		<dict>
			<key>children</key>
			<array>
				<string>AF0D5BA7A119A97177CA3803</string>
				<string>27C0E750F18F6C92C71414B2</string>
				<string>765EFD363DA589D1757EEC47</string>
				<string>83E044CABAB8FA3CF35857C4</string>
			</array>
			<key>isa</key>
			<string>PBXGroup</string>
			<key>name</key>
			<string>Pods</string>
			<key>sourceTree</key>
			<string>&lt;group&gt;</string>
		</dict>
	</dict>
	<key>rootObject</key>
	<string>C0CF275919CB2300005EF111</string>
</dict>
</plist>
